
Microsoft Visual Studio Solution File, Format Version 12.00
# Visual Studio Version 17
VisualStudioVersion = 17.13.35931.197 d17.13
MinimumVisualStudioVersion = 10.0.40219.1
Project("{FAE04EC0-301F-11D3-BF4B-00C04F79EFBC}") = "ResumeSite", "ResumeSite\ResumeSite.csproj", "{A6D02178-5376-4C69-A3BF-D5966F30D982}"
EndProject
Global
	GlobalSection(SolutionConfigurationPlatforms) = preSolution
		Debug|Any CPU = Debug|Any CPU
		Release|Any CPU = Release|Any CPU
	EndGlobalSection
	GlobalSection(ProjectConfigurationPlatforms) = postSolution
		{A6D02178-5376-4C69-A3BF-D5966F30D982}.Debug|Any CPU.ActiveCfg = Debug|Any CPU
		{A6D02178-5376-4C69-A3BF-D5966F30D982}.Debug|Any CPU.Build.0 = Debug|Any CPU
		{A6D02178-5376-4C69-A3BF-D5966F30D982}.Release|Any CPU.ActiveCfg = Release|Any CPU
		{A6D02178-5376-4C69-A3BF-D5966F30D982}.Release|Any CPU.Build.0 = Release|Any CPU
	EndGlobalSection
	GlobalSection(SolutionProperties) = preSolution
		HideSolutionNode = FALSE
	EndGlobalSection
	GlobalSection(ExtensibilityGlobals) = postSolution
		SolutionGuid = {7CB45ECC-4A0F-4AFC-9801-4819163310D8}
	EndGlobalSection
EndGlobal
